
Microsoft Visual Studio Solution File, Format Version 10.00
# Visual Studio 2008
Project("{8BC9CEB8-8B4A-11D0-8D11-00A0C91BC942}") = "nmavatar", "NMAvatar\NMAvatar.vcproj", "{711417EC-299A-45A0-9328-073172D73F2E}"
	ProjectSection(ProjectDependencies) = postProject
		{7A5AF20B-6DC2-49D2-910C-BECCC8FA1318} = {7A5AF20B-6DC2-49D2-910C-BECCC8FA1318}
	EndProjectSection
EndProject
Project("{8BC9CEB8-8B4A-11D0-8D11-00A0C91BC942}") = "nmcontroller", "NMController\NMController.vcproj", "{93362BD3-057C-4964-A15D-04602B49A119}"
	ProjectSection(ProjectDependencies) = postProject
		{7A5AF20B-6DC2-49D2-910C-BECCC8FA1318} = {7A5AF20B-6DC2-49D2-910C-BECCC8FA1318}
		{DCE8E174-417B-4858-8D22-34EB45D995E5} = {DCE8E174-417B-4858-8D22-34EB45D995E5}
		{27D620A4-28E1-4F41-8690-34781E38E602} = {27D620A4-28E1-4F41-8690-34781E38E602}
		{369CADD9-CCDF-479B-A39D-C4081079DD54} = {369CADD9-CCDF-479B-A39D-C4081079DD54}
	EndProjectSection
EndProject
Project("{8BC9CEB8-8B4A-11D0-8D11-00A0C91BC942}") = "nmframe", "NMFrame\NMFrame.vcproj", "{8A0D3BBC-0E7F-4FE0-AB40-41A346693A90}"
	ProjectSection(ProjectDependencies) = postProject
		{7A5AF20B-6DC2-49D2-910C-BECCC8FA1318} = {7A5AF20B-6DC2-49D2-910C-BECCC8FA1318}
		{27D620A4-28E1-4F41-8690-34781E38E602} = {27D620A4-28E1-4F41-8690-34781E38E602}
		{557E14C6-0F7F-4BEC-9C24-E2BB056B3D20} = {557E14C6-0F7F-4BEC-9C24-E2BB056B3D20}
		{93362BD3-057C-4964-A15D-04602B49A119} = {93362BD3-057C-4964-A15D-04602B49A119}
		{369CADD9-CCDF-479B-A39D-C4081079DD54} = {369CADD9-CCDF-479B-A39D-C4081079DD54}
		{711417EC-299A-45A0-9328-073172D73F2E} = {711417EC-299A-45A0-9328-073172D73F2E}
	EndProjectSection
EndProject
Project("{8BC9CEB8-8B4A-11D0-8D11-00A0C91BC942}") = "nmgraphicgdi", "NMGraphicGDI\NMGraphicGDI.vcproj", "{7DB017DF-2635-457C-8B4D-BC451879AD15}"
EndProject
Project("{8BC9CEB8-8B4A-11D0-8D11-00A0C91BC942}") = "nmmodel", "NMModel\NMModel.vcproj", "{557E14C6-0F7F-4BEC-9C24-E2BB056B3D20}"
	ProjectSection(ProjectDependencies) = postProject
		{7A5AF20B-6DC2-49D2-910C-BECCC8FA1318} = {7A5AF20B-6DC2-49D2-910C-BECCC8FA1318}
		{DCE8E174-417B-4858-8D22-34EB45D995E5} = {DCE8E174-417B-4858-8D22-34EB45D995E5}
		{27D620A4-28E1-4F41-8690-34781E38E602} = {27D620A4-28E1-4F41-8690-34781E38E602}
		{369CADD9-CCDF-479B-A39D-C4081079DD54} = {369CADD9-CCDF-479B-A39D-C4081079DD54}
	EndProjectSection
EndProject
Project("{8BC9CEB8-8B4A-11D0-8D11-00A0C91BC942}") = "nmskingdi", "NMSkinGDI\NMSkinGDI.vcproj", "{4F0488C1-7536-4578-8E3C-900C0E8D038D}"
	ProjectSection(ProjectDependencies) = postProject
		{7A5AF20B-6DC2-49D2-910C-BECCC8FA1318} = {7A5AF20B-6DC2-49D2-910C-BECCC8FA1318}
		{50690E68-1A94-4CA4-BCE4-C6280A0F47E6} = {50690E68-1A94-4CA4-BCE4-C6280A0F47E6}
		{7DB017DF-2635-457C-8B4D-BC451879AD15} = {7DB017DF-2635-457C-8B4D-BC451879AD15}
	EndProjectSection
EndProject
Project("{8BC9CEB8-8B4A-11D0-8D11-00A0C91BC942}") = "nmsock", "NMSock\NMSock.vcproj", "{27D620A4-28E1-4F41-8690-34781E38E602}"
EndProject
Project("{8BC9CEB8-8B4A-11D0-8D11-00A0C91BC942}") = "nmsound", "NMSound\NMSound.vcproj", "{50690E68-1A94-4CA4-BCE4-C6280A0F47E6}"
EndProject
Project("{8BC9CEB8-8B4A-11D0-8D11-00A0C91BC942}") = "nmutil", "NMUtil\NMUtil.vcproj", "{7A5AF20B-6DC2-49D2-910C-BECCC8FA1318}"
EndProject
Project("{8BC9CEB8-8B4A-11D0-8D11-00A0C91BC942}") = "nmdata", "NMData\NMData.vcproj", "{369CADD9-CCDF-479B-A39D-C4081079DD54}"
	ProjectSection(ProjectDependencies) = postProject
		{7A5AF20B-6DC2-49D2-910C-BECCC8FA1318} = {7A5AF20B-6DC2-49D2-910C-BECCC8FA1318}
		{711417EC-299A-45A0-9328-073172D73F2E} = {711417EC-299A-45A0-9328-073172D73F2E}
	EndProjectSection
EndProject
Project("{8BC9CEB8-8B4A-11D0-8D11-00A0C91BC942}") = "nmsockcamel", "NMSockCamel\NMSockCamel.vcproj", "{DCE8E174-417B-4858-8D22-34EB45D995E5}"
EndProject
Global
	GlobalSection(SolutionConfigurationPlatforms) = preSolution
		Debug|Win32 = Debug|Win32
		Release_Deploy|Win32 = Release_Deploy|Win32
		Release|Win32 = Release|Win32
	EndGlobalSection
	GlobalSection(ProjectConfigurationPlatforms) = postSolution
		{711417EC-299A-45A0-9328-073172D73F2E}.Debug|Win32.ActiveCfg = Debug|Win32
		{711417EC-299A-45A0-9328-073172D73F2E}.Debug|Win32.Build.0 = Debug|Win32
		{711417EC-299A-45A0-9328-073172D73F2E}.Release_Deploy|Win32.ActiveCfg = Release|Win32
		{711417EC-299A-45A0-9328-073172D73F2E}.Release_Deploy|Win32.Build.0 = Release|Win32
		{711417EC-299A-45A0-9328-073172D73F2E}.Release|Win32.ActiveCfg = Release|Win32
		{711417EC-299A-45A0-9328-073172D73F2E}.Release|Win32.Build.0 = Release|Win32
		{93362BD3-057C-4964-A15D-04602B49A119}.Debug|Win32.ActiveCfg = Debug|Win32
		{93362BD3-057C-4964-A15D-04602B49A119}.Debug|Win32.Build.0 = Debug|Win32
		{93362BD3-057C-4964-A15D-04602B49A119}.Release_Deploy|Win32.ActiveCfg = Release|Win32
		{93362BD3-057C-4964-A15D-04602B49A119}.Release_Deploy|Win32.Build.0 = Release|Win32
		{93362BD3-057C-4964-A15D-04602B49A119}.Release|Win32.ActiveCfg = Release|Win32
		{93362BD3-057C-4964-A15D-04602B49A119}.Release|Win32.Build.0 = Release|Win32
		{8A0D3BBC-0E7F-4FE0-AB40-41A346693A90}.Debug|Win32.ActiveCfg = Debug|Win32
		{8A0D3BBC-0E7F-4FE0-AB40-41A346693A90}.Debug|Win32.Build.0 = Debug|Win32
		{8A0D3BBC-0E7F-4FE0-AB40-41A346693A90}.Release_Deploy|Win32.ActiveCfg = Release|Win32
		{8A0D3BBC-0E7F-4FE0-AB40-41A346693A90}.Release_Deploy|Win32.Build.0 = Release|Win32
		{8A0D3BBC-0E7F-4FE0-AB40-41A346693A90}.Release|Win32.ActiveCfg = Release|Win32
		{8A0D3BBC-0E7F-4FE0-AB40-41A346693A90}.Release|Win32.Build.0 = Release|Win32
		{7DB017DF-2635-457C-8B4D-BC451879AD15}.Debug|Win32.ActiveCfg = Debug|Win32
		{7DB017DF-2635-457C-8B4D-BC451879AD15}.Debug|Win32.Build.0 = Debug|Win32
		{7DB017DF-2635-457C-8B4D-BC451879AD15}.Release_Deploy|Win32.ActiveCfg = Release|Win32
		{7DB017DF-2635-457C-8B4D-BC451879AD15}.Release_Deploy|Win32.Build.0 = Release|Win32
		{7DB017DF-2635-457C-8B4D-BC451879AD15}.Release|Win32.ActiveCfg = Release|Win32
		{7DB017DF-2635-457C-8B4D-BC451879AD15}.Release|Win32.Build.0 = Release|Win32
		{557E14C6-0F7F-4BEC-9C24-E2BB056B3D20}.Debug|Win32.ActiveCfg = Debug|Win32
		{557E14C6-0F7F-4BEC-9C24-E2BB056B3D20}.Debug|Win32.Build.0 = Debug|Win32
		{557E14C6-0F7F-4BEC-9C24-E2BB056B3D20}.Release_Deploy|Win32.ActiveCfg = Release|Win32
		{557E14C6-0F7F-4BEC-9C24-E2BB056B3D20}.Release_Deploy|Win32.Build.0 = Release|Win32
		{557E14C6-0F7F-4BEC-9C24-E2BB056B3D20}.Release|Win32.ActiveCfg = Release|Win32
		{557E14C6-0F7F-4BEC-9C24-E2BB056B3D20}.Release|Win32.Build.0 = Release|Win32
		{4F0488C1-7536-4578-8E3C-900C0E8D038D}.Debug|Win32.ActiveCfg = Debug|Win32
		{4F0488C1-7536-4578-8E3C-900C0E8D038D}.Debug|Win32.Build.0 = Debug|Win32
		{4F0488C1-7536-4578-8E3C-900C0E8D038D}.Release_Deploy|Win32.ActiveCfg = Release|Win32
		{4F0488C1-7536-4578-8E3C-900C0E8D038D}.Release_Deploy|Win32.Build.0 = Release|Win32
		{4F0488C1-7536-4578-8E3C-900C0E8D038D}.Release|Win32.ActiveCfg = Release|Win32
		{4F0488C1-7536-4578-8E3C-900C0E8D038D}.Release|Win32.Build.0 = Release|Win32
		{27D620A4-28E1-4F41-8690-34781E38E602}.Debug|Win32.ActiveCfg = Debug|Win32
		{27D620A4-28E1-4F41-8690-34781E38E602}.Debug|Win32.Build.0 = Debug|Win32
		{27D620A4-28E1-4F41-8690-34781E38E602}.Release_Deploy|Win32.ActiveCfg = Release|Win32
		{27D620A4-28E1-4F41-8690-34781E38E602}.Release_Deploy|Win32.Build.0 = Release|Win32
		{27D620A4-28E1-4F41-8690-34781E38E602}.Release|Win32.ActiveCfg = Release|Win32
		{27D620A4-28E1-4F41-8690-34781E38E602}.Release|Win32.Build.0 = Release|Win32
		{50690E68-1A94-4CA4-BCE4-C6280A0F47E6}.Debug|Win32.ActiveCfg = Debug|Win32
		{50690E68-1A94-4CA4-BCE4-C6280A0F47E6}.Debug|Win32.Build.0 = Debug|Win32
		{50690E68-1A94-4CA4-BCE4-C6280A0F47E6}.Release_Deploy|Win32.ActiveCfg = Release|Win32
		{50690E68-1A94-4CA4-BCE4-C6280A0F47E6}.Release_Deploy|Win32.Build.0 = Release|Win32
		{50690E68-1A94-4CA4-BCE4-C6280A0F47E6}.Release|Win32.ActiveCfg = Release|Win32
		{50690E68-1A94-4CA4-BCE4-C6280A0F47E6}.Release|Win32.Build.0 = Release|Win32
		{7A5AF20B-6DC2-49D2-910C-BECCC8FA1318}.Debug|Win32.ActiveCfg = Debug|Win32
		{7A5AF20B-6DC2-49D2-910C-BECCC8FA1318}.Debug|Win32.Build.0 = Debug|Win32
		{7A5AF20B-6DC2-49D2-910C-BECCC8FA1318}.Release_Deploy|Win32.ActiveCfg = Release|Win32
		{7A5AF20B-6DC2-49D2-910C-BECCC8FA1318}.Release_Deploy|Win32.Build.0 = Release|Win32
		{7A5AF20B-6DC2-49D2-910C-BECCC8FA1318}.Release|Win32.ActiveCfg = Release|Win32
		{7A5AF20B-6DC2-49D2-910C-BECCC8FA1318}.Release|Win32.Build.0 = Release|Win32
		{369CADD9-CCDF-479B-A39D-C4081079DD54}.Debug|Win32.ActiveCfg = Debug|Win32
		{369CADD9-CCDF-479B-A39D-C4081079DD54}.Debug|Win32.Build.0 = Debug|Win32
		{369CADD9-CCDF-479B-A39D-C4081079DD54}.Release_Deploy|Win32.ActiveCfg = Release|Win32
		{369CADD9-CCDF-479B-A39D-C4081079DD54}.Release_Deploy|Win32.Build.0 = Release|Win32
		{369CADD9-CCDF-479B-A39D-C4081079DD54}.Release|Win32.ActiveCfg = Release|Win32
		{369CADD9-CCDF-479B-A39D-C4081079DD54}.Release|Win32.Build.0 = Release|Win32
		{DCE8E174-417B-4858-8D22-34EB45D995E5}.Debug|Win32.ActiveCfg = Debug|Win32
		{DCE8E174-417B-4858-8D22-34EB45D995E5}.Debug|Win32.Build.0 = Debug|Win32
		{DCE8E174-417B-4858-8D22-34EB45D995E5}.Release_Deploy|Win32.ActiveCfg = Release|Win32
		{DCE8E174-417B-4858-8D22-34EB45D995E5}.Release_Deploy|Win32.Build.0 = Release|Win32
		{DCE8E174-417B-4858-8D22-34EB45D995E5}.Release|Win32.ActiveCfg = Release|Win32
		{DCE8E174-417B-4858-8D22-34EB45D995E5}.Release|Win32.Build.0 = Release|Win32
	EndGlobalSection
	GlobalSection(SolutionProperties) = preSolution
		HideSolutionNode = FALSE
	EndGlobalSection
EndGlobal
