<?xml version="1.0" encoding="utf-8"?>
<Project ToolsVersion="4.0" xmlns="http://schemas.microsoft.com/developer/msbuild/2003">
  <ItemGroup>
    <Filter Include="소스 파일">
      <UniqueIdentifier>{4FC737F1-C7A5-4376-A066-2A32D752A2FF}</UniqueIdentifier>
      <Extensions>cpp;c;cc;cxx;def;odl;idl;hpj;bat;asm;asmx</Extensions>
    </Filter>
    <Filter Include="Common Files">
      <UniqueIdentifier>{0f72be2d-b1c3-4acf-9a8a-bded85a2eb8d}</UniqueIdentifier>
    </Filter>
    <Filter Include="include">
      <UniqueIdentifier>{a0ca9c3f-fcb3-4fc4-9115-2d30bbff350c}</UniqueIdentifier>
    </Filter>
    <Filter Include="리소스 파일">
      <UniqueIdentifier>{67DA6AB6-F800-4c08-8B7A-83BB121AAD01}</UniqueIdentifier>
      <Extensions>rc;ico;cur;bmp;dlg;rc2;rct;bin;rgs;gif;jpg;jpeg;jpe;resx;tiff;tif;png;wav</Extensions>
    </Filter>
    <Filter Include="CommonFile">
      <UniqueIdentifier>{2f24791a-5873-4b20-a0ed-cd7ffa429e3b}</UniqueIdentifier>
    </Filter>
  </ItemGroup>
  <ItemGroup>
    <ClCompile Include="ClientDlg.cpp">
      <Filter>소스 파일</Filter>
    </ClCompile>
    <ClCompile Include="dllmain.cpp">
      <Filter>소스 파일</Filter>
    </ClCompile>
    <ClCompile Include="Global.cpp">
      <Filter>소스 파일</Filter>
    </ClCompile>
    <ClCompile Include="ImageDef.cpp">
      <Filter>소스 파일</Filter>
    </ClCompile>
    <ClCompile Include="MsgDlg.cpp">
      <Filter>소스 파일</Filter>
    </ClCompile>
    <ClCompile Include="stdafx.cpp">
      <Filter>소스 파일</Filter>
    </ClCompile>
    <ClCompile Include="..\..\UPGCommon\externals\CommonFile\CommMsg.cpp">
      <Filter>Common Files</Filter>
    </ClCompile>
    <ClCompile Include="..\..\UPGCommon\externals\CommonFile\CommMsgString.cpp">
      <Filter>Common Files</Filter>
    </ClCompile>
    <ClCompile Include="..\..\UPGCommon\externals\CommonFile\CommUtil.cpp">
      <Filter>Common Files</Filter>
    </ClCompile>
    <ClCompile Include="..\..\UPGCommon\externals\CommonFile\UserStruct.cpp">
      <Filter>Common Files</Filter>
    </ClCompile>
    <ClCompile Include="..\include\UPGBase.cpp">
      <Filter>include</Filter>
    </ClCompile>
  </ItemGroup>
  <ItemGroup>
    <ClInclude Include="ClientDlg.h">
      <Filter>소스 파일</Filter>
    </ClInclude>
    <ClInclude Include="Global.h">
      <Filter>소스 파일</Filter>
    </ClInclude>
    <ClInclude Include="ImageDef.h">
      <Filter>소스 파일</Filter>
    </ClInclude>
    <ClInclude Include="MsgDlg.h">
      <Filter>소스 파일</Filter>
    </ClInclude>
    <ClInclude Include="Resource.h">
      <Filter>소스 파일</Filter>
    </ClInclude>
    <ClInclude Include="stdafx.h">
      <Filter>소스 파일</Filter>
    </ClInclude>
    <ClInclude Include="targetver.h">
      <Filter>소스 파일</Filter>
    </ClInclude>
    <ClInclude Include="..\..\UPGCommon\externals\CommonFile\CommMsg.h">
      <Filter>Common Files</Filter>
    </ClInclude>
    <ClInclude Include="..\..\UPGCommon\externals\CommonFile\CommMsgDef.h">
      <Filter>Common Files</Filter>
    </ClInclude>
    <ClInclude Include="..\..\UPGCommon\externals\CommonFile\CommMsgString.h">
      <Filter>Common Files</Filter>
    </ClInclude>
    <ClInclude Include="..\..\UPGCommon\externals\CommonFile\CommUtil.h">
      <Filter>Common Files</Filter>
    </ClInclude>
    <ClInclude Include="..\..\UPGCommon\externals\CommonFile\UserStruct.h">
      <Filter>Common Files</Filter>
    </ClInclude>
    <ClInclude Include="..\include\UPGBase.h">
      <Filter>include</Filter>
    </ClInclude>
  </ItemGroup>
  <ItemGroup>
    <None Include="UPGBase.def">
      <Filter>소스 파일</Filter>
    </None>
    <None Include="res\cur00001.cur">
      <Filter>리소스 파일</Filter>
    </None>
    <None Include="res\cur00002.cur">
      <Filter>리소스 파일</Filter>
    </None>
    <None Include="res\cursor_i.cur">
      <Filter>리소스 파일</Filter>
    </None>
    <None Include="res\cursor_m.cur">
      <Filter>리소스 파일</Filter>
    </None>
    <None Include="res\cursor_s.cur">
      <Filter>리소스 파일</Filter>
    </None>
    <None Include="res\UPGBase.rc2">
      <Filter>리소스 파일</Filter>
    </None>
  </ItemGroup>
  <ItemGroup>
    <Image Include="res\BD.ico">
      <Filter>리소스 파일</Filter>
    </Image>
    <Image Include="res\DP.ico">
      <Filter>리소스 파일</Filter>
    </Image>
    <Image Include="res\NP.ico">
      <Filter>리소스 파일</Filter>
    </Image>
    <Image Include="res\SP.ico">
      <Filter>리소스 파일</Filter>
    </Image>
  </ItemGroup>
  <ItemGroup>
    <ResourceCompile Include="UPGBase.rc">
      <Filter>리소스 파일</Filter>
    </ResourceCompile>
  </ItemGroup>
  <ItemGroup>
    <Text Include="ReadMe.txt" />
  </ItemGroup>
</Project>