
Microsoft Visual Studio Solution File, Format Version 10.00
# Visual Studio 2008
Project("{8BC9CEB8-8B4A-11D0-8D11-00A0C91BC942}") = "UPGNewPoker", "src\UPGNewPoker.vcproj", "{F1153D23-A274-41B0-8692-4F5A60F41D33}"
EndProject
Global
	GlobalSection(SolutionConfigurationPlatforms) = preSolution
		Debug|Win32 = Debug|Win32
		Release|Win32 = Release|Win32
	EndGlobalSection
	GlobalSection(ProjectConfigurationPlatforms) = postSolution
		{F1153D23-A274-41B0-8692-4F5A60F41D33}.Debug|Win32.ActiveCfg = Debug|Win32
		{F1153D23-A274-41B0-8692-4F5A60F41D33}.Debug|Win32.Build.0 = Debug|Win32
		{F1153D23-A274-41B0-8692-4F5A60F41D33}.Release|Win32.ActiveCfg = Release|Win32
		{F1153D23-A274-41B0-8692-4F5A60F41D33}.Release|Win32.Build.0 = Release|Win32
	EndGlobalSection
	GlobalSection(SolutionProperties) = preSolution
		HideSolutionNode = FALSE
	EndGlobalSection
EndGlobal
